// !$*UTF8*$!
{
	archiveVersion = 1;
	classes = {
	};
	objectVersion = 46;
	objects = {

/* Begin PBXBuildFile section */
		A7E6CEEA813945E6A48B874B /* libPods.a in Frameworks */ = {isa = PBXBuildFile; fileRef = D103F8F3BCDB450AB3DF1F29 /* libPods.a */; };
		B86C21D93E4B4C29AF2B5B7D /* libPods-SocketIOBlocksTests.a in Frameworks */ = {isa = PBXBuildFile; fileRef = D9D4E6AE00B94A0F895A264E /* libPods-SocketIOBlocksTests.a */; };
		FAE93089182AD00F00286DDD /* Foundation.framework in Frameworks */ = {isa = PBXBuildFile; fileRef = FAE93088182AD00F00286DDD /* Foundation.framework */; };
		FAE9308B182AD00F00286DDD /* CoreGraphics.framework in Frameworks */ = {isa = PBXBuildFile; fileRef = FAE9308A182AD00F00286DDD /* CoreGraphics.framework */; };
		FAE9308D182AD00F00286DDD /* UIKit.framework in Frameworks */ = {isa = PBXBuildFile; fileRef = FAE9308C182AD00F00286DDD /* UIKit.framework */; };
		FAE93093182AD00F00286DDD /* InfoPlist.strings in Resources */ = {isa = PBXBuildFile; fileRef = FAE93091182AD00F00286DDD /* InfoPlist.strings */; };
		FAE93095182AD00F00286DDD /* main.m in Sources */ = {isa = PBXBuildFile; fileRef = FAE93094182AD00F00286DDD /* main.m */; };
		FAE93099182AD00F00286DDD /* AppDelegate.m in Sources */ = {isa = PBXBuildFile; fileRef = FAE93098182AD00F00286DDD /* AppDelegate.m */; };
		FAE9309C182AD00F00286DDD /* Main_iPhone.storyboard in Resources */ = {isa = PBXBuildFile; fileRef = FAE9309A182AD00F00286DDD /* Main_iPhone.storyboard */; };
		FAE9309F182AD00F00286DDD /* Main_iPad.storyboard in Resources */ = {isa = PBXBuildFile; fileRef = FAE9309D182AD00F00286DDD /* Main_iPad.storyboard */; };
		FAE930A2182AD00F00286DDD /* ViewController.m in Sources */ = {isa = PBXBuildFile; fileRef = FAE930A1182AD00F00286DDD /* ViewController.m */; };
		FAE930A4182AD00F00286DDD /* Images.xcassets in Resources */ = {isa = PBXBuildFile; fileRef = FAE930A3182AD00F00286DDD /* Images.xcassets */; };
		FAE930AB182AD00F00286DDD /* XCTest.framework in Frameworks */ = {isa = PBXBuildFile; fileRef = FAE930AA182AD00F00286DDD /* XCTest.framework */; };
		FAE930AC182AD00F00286DDD /* Foundation.framework in Frameworks */ = {isa = PBXBuildFile; fileRef = FAE93088182AD00F00286DDD /* Foundation.framework */; };
		FAE930AD182AD00F00286DDD /* UIKit.framework in Frameworks */ = {isa = PBXBuildFile; fileRef = FAE9308C182AD00F00286DDD /* UIKit.framework */; };
		FAE930B5182AD00F00286DDD /* InfoPlist.strings in Resources */ = {isa = PBXBuildFile; fileRef = FAE930B3182AD00F00286DDD /* InfoPlist.strings */; };
		FAE930B7182AD00F00286DDD /* SocketIOBlocksTests.m in Sources */ = {isa = PBXBuildFile; fileRef = FAE930B6182AD00F00286DDD /* SocketIOBlocksTests.m */; };
		FAE930C2182AD15700286DDD /* SocketIO+Blocks.m in Sources */ = {isa = PBXBuildFile; fileRef = FAE930C1182AD15700286DDD /* SocketIO+Blocks.m */; };
/* End PBXBuildFile section */

/* Begin PBXContainerItemProxy section */
		FAE930AE182AD00F00286DDD /* PBXContainerItemProxy */ = {
			isa = PBXContainerItemProxy;
			containerPortal = FAE9307D182AD00F00286DDD /* Project object */;
			proxyType = 1;
			remoteGlobalIDString = FAE93084182AD00F00286DDD;
			remoteInfo = SocketIOBlocks;
		};
/* End PBXContainerItemProxy section */

/* Begin PBXFileReference section */
		305535A7E0A74EF7BD830721 /* Pods-SocketIOBlocksTests.xcconfig */ = {isa = PBXFileReference; includeInIndex = 1; lastKnownFileType = text.xcconfig; name = "Pods-SocketIOBlocksTests.xcconfig"; path = "Pods/Pods-SocketIOBlocksTests.xcconfig"; sourceTree = "<group>"; };
		7C24CBA108364A96A89DF171 /* Pods.xcconfig */ = {isa = PBXFileReference; includeInIndex = 1; lastKnownFileType = text.xcconfig; name = Pods.xcconfig; path = Pods/Pods.xcconfig; sourceTree = "<group>"; };
		D103F8F3BCDB450AB3DF1F29 /* libPods.a */ = {isa = PBXFileReference; explicitFileType = archive.ar; includeInIndex = 0; path = libPods.a; sourceTree = BUILT_PRODUCTS_DIR; };
		D9D4E6AE00B94A0F895A264E /* libPods-SocketIOBlocksTests.a */ = {isa = PBXFileReference; explicitFileType = archive.ar; includeInIndex = 0; path = "libPods-SocketIOBlocksTests.a"; sourceTree = BUILT_PRODUCTS_DIR; };
		FAE93085182AD00F00286DDD /* SocketIOBlocks.app */ = {isa = PBXFileReference; explicitFileType = wrapper.application; includeInIndex = 0; path = SocketIOBlocks.app; sourceTree = BUILT_PRODUCTS_DIR; };
		FAE93088182AD00F00286DDD /* Foundation.framework */ = {isa = PBXFileReference; lastKnownFileType = wrapper.framework; name = Foundation.framework; path = System/Library/Frameworks/Foundation.framework; sourceTree = SDKROOT; };
		FAE9308A182AD00F00286DDD /* CoreGraphics.framework */ = {isa = PBXFileReference; lastKnownFileType = wrapper.framework; name = CoreGraphics.framework; path = System/Library/Frameworks/CoreGraphics.framework; sourceTree = SDKROOT; };
		FAE9308C182AD00F00286DDD /* UIKit.framework */ = {isa = PBXFileReference; lastKnownFileType = wrapper.framework; name = UIKit.framework; path = System/Library/Frameworks/UIKit.framework; sourceTree = SDKROOT; };
		FAE93090182AD00F00286DDD /* SocketIOBlocks-Info.plist */ = {isa = PBXFileReference; lastKnownFileType = text.plist.xml; path = "SocketIOBlocks-Info.plist"; sourceTree = "<group>"; };
		FAE93092182AD00F00286DDD /* en */ = {isa = PBXFileReference; lastKnownFileType = text.plist.strings; name = en; path = en.lproj/InfoPlist.strings; sourceTree = "<group>"; };
		FAE93094182AD00F00286DDD /* main.m */ = {isa = PBXFileReference; lastKnownFileType = sourcecode.c.objc; path = main.m; sourceTree = "<group>"; };
		FAE93096182AD00F00286DDD /* SocketIOBlocks-Prefix.pch */ = {isa = PBXFileReference; lastKnownFileType = sourcecode.c.h; path = "SocketIOBlocks-Prefix.pch"; sourceTree = "<group>"; };
		FAE93097182AD00F00286DDD /* AppDelegate.h */ = {isa = PBXFileReference; lastKnownFileType = sourcecode.c.h; path = AppDelegate.h; sourceTree = "<group>"; };
		FAE93098182AD00F00286DDD /* AppDelegate.m */ = {isa = PBXFileReference; lastKnownFileType = sourcecode.c.objc; path = AppDelegate.m; sourceTree = "<group>"; };
		FAE9309B182AD00F00286DDD /* Base */ = {isa = PBXFileReference; lastKnownFileType = file.storyboard; name = Base; path = Base.lproj/Main_iPhone.storyboard; sourceTree = "<group>"; };
		FAE9309E182AD00F00286DDD /* Base */ = {isa = PBXFileReference; lastKnownFileType = file.storyboard; name = Base; path = Base.lproj/Main_iPad.storyboard; sourceTree = "<group>"; };
		FAE930A0182AD00F00286DDD /* ViewController.h */ = {isa = PBXFileReference; lastKnownFileType = sourcecode.c.h; path = ViewController.h; sourceTree = "<group>"; };
		FAE930A1182AD00F00286DDD /* ViewController.m */ = {isa = PBXFileReference; lastKnownFileType = sourcecode.c.objc; path = ViewController.m; sourceTree = "<group>"; };
		FAE930A3182AD00F00286DDD /* Images.xcassets */ = {isa = PBXFileReference; lastKnownFileType = folder.assetcatalog; path = Images.xcassets; sourceTree = "<group>"; };
		FAE930A9182AD00F00286DDD /* SocketIOBlocksTests.xctest */ = {isa = PBXFileReference; explicitFileType = wrapper.cfbundle; includeInIndex = 0; path = SocketIOBlocksTests.xctest; sourceTree = BUILT_PRODUCTS_DIR; };
		FAE930AA182AD00F00286DDD /* XCTest.framework */ = {isa = PBXFileReference; lastKnownFileType = wrapper.framework; name = XCTest.framework; path = Library/Frameworks/XCTest.framework; sourceTree = DEVELOPER_DIR; };
		FAE930B2182AD00F00286DDD /* SocketIOBlocksTests-Info.plist */ = {isa = PBXFileReference; lastKnownFileType = text.plist.xml; path = "SocketIOBlocksTests-Info.plist"; sourceTree = "<group>"; };
		FAE930B4182AD00F00286DDD /* en */ = {isa = PBXFileReference; lastKnownFileType = text.plist.strings; name = en; path = en.lproj/InfoPlist.strings; sourceTree = "<group>"; };
		FAE930B6182AD00F00286DDD /* SocketIOBlocksTests.m */ = {isa = PBXFileReference; lastKnownFileType = sourcecode.c.objc; path = SocketIOBlocksTests.m; sourceTree = "<group>"; };
		FAE930C0182AD15700286DDD /* SocketIO+Blocks.h */ = {isa = PBXFileReference; fileEncoding = 4; lastKnownFileType = sourcecode.c.h; path = "SocketIO+Blocks.h"; sourceTree = "<group>"; };
		FAE930C1182AD15700286DDD /* SocketIO+Blocks.m */ = {isa = PBXFileReference; fileEncoding = 4; lastKnownFileType = sourcecode.c.objc; path = "SocketIO+Blocks.m"; sourceTree = "<group>"; };
/* End PBXFileReference section */

/* Begin PBXFrameworksBuildPhase section */
		FAE93082182AD00F00286DDD /* Frameworks */ = {
			isa = PBXFrameworksBuildPhase;
			buildActionMask = 2147483647;
			files = (
				FAE9308B182AD00F00286DDD /* CoreGraphics.framework in Frameworks */,
				FAE9308D182AD00F00286DDD /* UIKit.framework in Frameworks */,
				FAE93089182AD00F00286DDD /* Foundation.framework in Frameworks */,
				A7E6CEEA813945E6A48B874B /* libPods.a in Frameworks */,
			);
			runOnlyForDeploymentPostprocessing = 0;
		};
		FAE930A6182AD00F00286DDD /* Frameworks */ = {
			isa = PBXFrameworksBuildPhase;
			buildActionMask = 2147483647;
			files = (
				FAE930AB182AD00F00286DDD /* XCTest.framework in Frameworks */,
				FAE930AD182AD00F00286DDD /* UIKit.framework in Frameworks */,
				FAE930AC182AD00F00286DDD /* Foundation.framework in Frameworks */,
				B86C21D93E4B4C29AF2B5B7D /* libPods-SocketIOBlocksTests.a in Frameworks */,
			);
			runOnlyForDeploymentPostprocessing = 0;
		};
/* End PBXFrameworksBuildPhase section */

/* Begin PBXGroup section */
		FAE9307C182AD00F00286DDD = {
			isa = PBXGroup;
			children = (
				FAE930C0182AD15700286DDD /* SocketIO+Blocks.h */,
				FAE930C1182AD15700286DDD /* SocketIO+Blocks.m */,
				FAE9308E182AD00F00286DDD /* SocketIOBlocks */,
				FAE930B0182AD00F00286DDD /* SocketIOBlocksTests */,
				FAE93087182AD00F00286DDD /* Frameworks */,
				FAE93086182AD00F00286DDD /* Products */,
				7C24CBA108364A96A89DF171 /* Pods.xcconfig */,
				305535A7E0A74EF7BD830721 /* Pods-SocketIOBlocksTests.xcconfig */,
			);
			sourceTree = "<group>";
		};
		FAE93086182AD00F00286DDD /* Products */ = {
			isa = PBXGroup;
			children = (
				FAE93085182AD00F00286DDD /* SocketIOBlocks.app */,
				FAE930A9182AD00F00286DDD /* SocketIOBlocksTests.xctest */,
			);
			name = Products;
			sourceTree = "<group>";
		};
		FAE93087182AD00F00286DDD /* Frameworks */ = {
			isa = PBXGroup;
			children = (
				FAE93088182AD00F00286DDD /* Foundation.framework */,
				FAE9308A182AD00F00286DDD /* CoreGraphics.framework */,
				FAE9308C182AD00F00286DDD /* UIKit.framework */,
				FAE930AA182AD00F00286DDD /* XCTest.framework */,
				D103F8F3BCDB450AB3DF1F29 /* libPods.a */,
				D9D4E6AE00B94A0F895A264E /* libPods-SocketIOBlocksTests.a */,
			);
			name = Frameworks;
			sourceTree = "<group>";
		};
		FAE9308E182AD00F00286DDD /* SocketIOBlocks */ = {
			isa = PBXGroup;
			children = (
				FAE93097182AD00F00286DDD /* AppDelegate.h */,
				FAE93098182AD00F00286DDD /* AppDelegate.m */,
				FAE9309A182AD00F00286DDD /* Main_iPhone.storyboard */,
				FAE9309D182AD00F00286DDD /* Main_iPad.storyboard */,
				FAE930A0182AD00F00286DDD /* ViewController.h */,
				FAE930A1182AD00F00286DDD /* ViewController.m */,
				FAE930A3182AD00F00286DDD /* Images.xcassets */,
				FAE9308F182AD00F00286DDD /* Supporting Files */,
			);
			path = SocketIOBlocks;
			sourceTree = "<group>";
		};
		FAE9308F182AD00F00286DDD /* Supporting Files */ = {
			isa = PBXGroup;
			children = (
				FAE93090182AD00F00286DDD /* SocketIOBlocks-Info.plist */,
				FAE93091182AD00F00286DDD /* InfoPlist.strings */,
				FAE93094182AD00F00286DDD /* main.m */,
				FAE93096182AD00F00286DDD /* SocketIOBlocks-Prefix.pch */,
			);
			name = "Supporting Files";
			sourceTree = "<group>";
		};
		FAE930B0182AD00F00286DDD /* SocketIOBlocksTests */ = {
			isa = PBXGroup;
			children = (
				FAE930B6182AD00F00286DDD /* SocketIOBlocksTests.m */,
				FAE930B1182AD00F00286DDD /* Supporting Files */,
			);
			path = SocketIOBlocksTests;
			sourceTree = "<group>";
		};
		FAE930B1182AD00F00286DDD /* Supporting Files */ = {
			isa = PBXGroup;
			children = (
				FAE930B2182AD00F00286DDD /* SocketIOBlocksTests-Info.plist */,
				FAE930B3182AD00F00286DDD /* InfoPlist.strings */,
			);
			name = "Supporting Files";
			sourceTree = "<group>";
		};
/* End PBXGroup section */

/* Begin PBXNativeTarget section */
		FAE93084182AD00F00286DDD /* SocketIOBlocks */ = {
			isa = PBXNativeTarget;
			buildConfigurationList = FAE930BA182AD00F00286DDD /* Build configuration list for PBXNativeTarget "SocketIOBlocks" */;
			buildPhases = (
				20822D61E9DF4BC1A4F872CF /* Check Pods Manifest.lock */,
				FAE93081182AD00F00286DDD /* Sources */,
				FAE93082182AD00F00286DDD /* Frameworks */,
				FAE93083182AD00F00286DDD /* Resources */,
				91E9992C95D64DC0B684C91F /* Copy Pods Resources */,
			);
			buildRules = (
			);
			dependencies = (
			);
			name = SocketIOBlocks;
			productName = SocketIOBlocks;
			productReference = FAE93085182AD00F00286DDD /* SocketIOBlocks.app */;
			productType = "com.apple.product-type.application";
		};
		FAE930A8182AD00F00286DDD /* SocketIOBlocksTests */ = {
			isa = PBXNativeTarget;
			buildConfigurationList = FAE930BD182AD00F00286DDD /* Build configuration list for PBXNativeTarget "SocketIOBlocksTests" */;
			buildPhases = (
				0B84EAC6160243B186A73304 /* Check Pods Manifest.lock */,
				FAE930A5182AD00F00286DDD /* Sources */,
				FAE930A6182AD00F00286DDD /* Frameworks */,
				FAE930A7182AD00F00286DDD /* Resources */,
				33B11D32ADE24390B87D3D9B /* Copy Pods Resources */,
			);
			buildRules = (
			);
			dependencies = (
				FAE930AF182AD00F00286DDD /* PBXTargetDependency */,
			);
			name = SocketIOBlocksTests;
			productName = SocketIOBlocksTests;
			productReference = FAE930A9182AD00F00286DDD /* SocketIOBlocksTests.xctest */;
			productType = "com.apple.product-type.bundle.unit-test";
		};
/* End PBXNativeTarget section */

/* Begin PBXProject section */
		FAE9307D182AD00F00286DDD /* Project object */ = {
			isa = PBXProject;
			attributes = {
				LastUpgradeCheck = 0500;
				ORGANIZATIONNAME = "Anton Domashnev";
				TargetAttributes = {
					FAE930A8182AD00F00286DDD = {
						TestTargetID = FAE93084182AD00F00286DDD;
					};
				};
			};
			buildConfigurationList = FAE93080182AD00F00286DDD /* Build configuration list for PBXProject "SocketIOBlocks" */;
			compatibilityVersion = "Xcode 3.2";
			developmentRegion = English;
			hasScannedForEncodings = 0;
			knownRegions = (
				en,
				Base,
			);
			mainGroup = FAE9307C182AD00F00286DDD;
			productRefGroup = FAE93086182AD00F00286DDD /* Products */;
			projectDirPath = "";
			projectRoot = "";
			targets = (
				FAE93084182AD00F00286DDD /* SocketIOBlocks */,
				FAE930A8182AD00F00286DDD /* SocketIOBlocksTests */,
			);
		};
/* End PBXProject section */

/* Begin PBXResourcesBuildPhase section */
		FAE93083182AD00F00286DDD /* Resources */ = {
			isa = PBXResourcesBuildPhase;
			buildActionMask = 2147483647;
			files = (
				FAE9309F182AD00F00286DDD /* Main_iPad.storyboard in Resources */,
				FAE930A4182AD00F00286DDD /* Images.xcassets in Resources */,
				FAE9309C182AD00F00286DDD /* Main_iPhone.storyboard in Resources */,
				FAE93093182AD00F00286DDD /* InfoPlist.strings in Resources */,
			);
			runOnlyForDeploymentPostprocessing = 0;
		};
		FAE930A7182AD00F00286DDD /* Resources */ = {
			isa = PBXResourcesBuildPhase;
			buildActionMask = 2147483647;
			files = (
				FAE930B5182AD00F00286DDD /* InfoPlist.strings in Resources */,
			);
			runOnlyForDeploymentPostprocessing = 0;
		};
/* End PBXResourcesBuildPhase section */

/* Begin PBXShellScriptBuildPhase section */
		0B84EAC6160243B186A73304 /* Check Pods Manifest.lock */ = {
			isa = PBXShellScriptBuildPhase;
			buildActionMask = 2147483647;
			files = (
			);
			inputPaths = (
			);
			name = "Check Pods Manifest.lock";
			outputPaths = (
			);
			runOnlyForDeploymentPostprocessing = 0;
			shellPath = /bin/sh;
			shellScript = "diff \"${PODS_ROOT}/../Podfile.lock\" \"${PODS_ROOT}/Manifest.lock\" > /dev/null\nif [[ $? != 0 ]] ; then\n    cat << EOM\nerror: The sandbox is not in sync with the Podfile.lock. Run 'pod install' or update your CocoaPods installation.\nEOM\n    exit 1\nfi\n";
			showEnvVarsInLog = 0;
		};
		20822D61E9DF4BC1A4F872CF /* Check Pods Manifest.lock */ = {
			isa = PBXShellScriptBuildPhase;
			buildActionMask = 2147483647;
			files = (
			);
			inputPaths = (
			);
			name = "Check Pods Manifest.lock";
			outputPaths = (
			);
			runOnlyForDeploymentPostprocessing = 0;
			shellPath = /bin/sh;
			shellScript = "diff \"${PODS_ROOT}/../Podfile.lock\" \"${PODS_ROOT}/Manifest.lock\" > /dev/null\nif [[ $? != 0 ]] ; then\n    cat << EOM\nerror: The sandbox is not in sync with the Podfile.lock. Run 'pod install' or update your CocoaPods installation.\nEOM\n    exit 1\nfi\n";
			showEnvVarsInLog = 0;
		};
		33B11D32ADE24390B87D3D9B /* Copy Pods Resources */ = {
			isa = PBXShellScriptBuildPhase;
			buildActionMask = 2147483647;
			files = (
			);
			inputPaths = (
			);
			name = "Copy Pods Resources";
			outputPaths = (
			);
			runOnlyForDeploymentPostprocessing = 0;
			shellPath = /bin/sh;
			shellScript = "\"${SRCROOT}/Pods/Pods-SocketIOBlocksTests-resources.sh\"\n";
			showEnvVarsInLog = 0;
		};
		91E9992C95D64DC0B684C91F /* Copy Pods Resources */ = {
			isa = PBXShellScriptBuildPhase;
			buildActionMask = 2147483647;
			files = (
			);
			inputPaths = (
			);
			name = "Copy Pods Resources";
			outputPaths = (
			);
			runOnlyForDeploymentPostprocessing = 0;
			shellPath = /bin/sh;
			shellScript = "\"${SRCROOT}/Pods/Pods-resources.sh\"\n";
			showEnvVarsInLog = 0;
		};
/* End PBXShellScriptBuildPhase section */

/* Begin PBXSourcesBuildPhase section */
		FAE93081182AD00F00286DDD /* Sources */ = {
			isa = PBXSourcesBuildPhase;
			buildActionMask = 2147483647;
			files = (
				FAE930A2182AD00F00286DDD /* ViewController.m in Sources */,
				FAE93099182AD00F00286DDD /* AppDelegate.m in Sources */,
				FAE930C2182AD15700286DDD /* SocketIO+Blocks.m in Sources */,
				FAE93095182AD00F00286DDD /* main.m in Sources */,
			);
			runOnlyForDeploymentPostprocessing = 0;
		};
		FAE930A5182AD00F00286DDD /* Sources */ = {
			isa = PBXSourcesBuildPhase;
			buildActionMask = 2147483647;
			files = (
				FAE930B7182AD00F00286DDD /* SocketIOBlocksTests.m in Sources */,
			);
			runOnlyForDeploymentPostprocessing = 0;
		};
/* End PBXSourcesBuildPhase section */

/* Begin PBXTargetDependency section */
		FAE930AF182AD00F00286DDD /* PBXTargetDependency */ = {
			isa = PBXTargetDependency;
			target = FAE93084182AD00F00286DDD /* SocketIOBlocks */;
			targetProxy = FAE930AE182AD00F00286DDD /* PBXContainerItemProxy */;
		};
/* End PBXTargetDependency section */

/* Begin PBXVariantGroup section */
		FAE93091182AD00F00286DDD /* InfoPlist.strings */ = {
			isa = PBXVariantGroup;
			children = (
				FAE93092182AD00F00286DDD /* en */,
			);
			name = InfoPlist.strings;
			sourceTree = "<group>";
		};
		FAE9309A182AD00F00286DDD /* Main_iPhone.storyboard */ = {
			isa = PBXVariantGroup;
			children = (
				FAE9309B182AD00F00286DDD /* Base */,
			);
			name = Main_iPhone.storyboard;
			sourceTree = "<group>";
		};
		FAE9309D182AD00F00286DDD /* Main_iPad.storyboard */ = {
			isa = PBXVariantGroup;
			children = (
				FAE9309E182AD00F00286DDD /* Base */,
			);
			name = Main_iPad.storyboard;
			sourceTree = "<group>";
		};
		FAE930B3182AD00F00286DDD /* InfoPlist.strings */ = {
			isa = PBXVariantGroup;
			children = (
				FAE930B4182AD00F00286DDD /* en */,
			);
			name = InfoPlist.strings;
			sourceTree = "<group>";
		};
/* End PBXVariantGroup section */

/* Begin XCBuildConfiguration section */
		FAE930B8182AD00F00286DDD /* Debug */ = {
			isa = XCBuildConfiguration;
			buildSettings = {
				ALWAYS_SEARCH_USER_PATHS = NO;
				ARCHS = "$(ARCHS_STANDARD_INCLUDING_64_BIT)";
				CLANG_CXX_LANGUAGE_STANDARD = "gnu++0x";
				CLANG_CXX_LIBRARY = "libc++";
				CLANG_ENABLE_MODULES = YES;
				CLANG_ENABLE_OBJC_ARC = YES;
				CLANG_WARN_BOOL_CONVERSION = YES;
				CLANG_WARN_CONSTANT_CONVERSION = YES;
				CLANG_WARN_DIRECT_OBJC_ISA_USAGE = YES_ERROR;
				CLANG_WARN_EMPTY_BODY = YES;
				CLANG_WARN_ENUM_CONVERSION = YES;
				CLANG_WARN_INT_CONVERSION = YES;
				CLANG_WARN_OBJC_ROOT_CLASS = YES_ERROR;
				CLANG_WARN__DUPLICATE_METHOD_MATCH = YES;
				"CODE_SIGN_IDENTITY[sdk=iphoneos*]" = "iPhone Developer";
				COPY_PHASE_STRIP = NO;
				GCC_C_LANGUAGE_STANDARD = gnu99;
				GCC_DYNAMIC_NO_PIC = NO;
				GCC_OPTIMIZATION_LEVEL = 0;
				GCC_PREPROCESSOR_DEFINITIONS = (
					"DEBUG=1",
					"$(inherited)",
				);
				GCC_SYMBOLS_PRIVATE_EXTERN = NO;
				GCC_WARN_64_TO_32_BIT_CONVERSION = YES;
				GCC_WARN_ABOUT_RETURN_TYPE = YES_ERROR;
				GCC_WARN_UNDECLARED_SELECTOR = YES;
				GCC_WARN_UNINITIALIZED_AUTOS = YES;
				GCC_WARN_UNUSED_FUNCTION = YES;
				GCC_WARN_UNUSED_VARIABLE = YES;
				IPHONEOS_DEPLOYMENT_TARGET = 7.0;
				ONLY_ACTIVE_ARCH = YES;
				SDKROOT = iphoneos;
				TARGETED_DEVICE_FAMILY = "1,2";
			};
			name = Debug;
		};
		FAE930B9182AD00F00286DDD /* Release */ = {
			isa = XCBuildConfiguration;
			buildSettings = {
				ALWAYS_SEARCH_USER_PATHS = NO;
				ARCHS = "$(ARCHS_STANDARD_INCLUDING_64_BIT)";
				CLANG_CXX_LANGUAGE_STANDARD = "gnu++0x";
				CLANG_CXX_LIBRARY = "libc++";
				CLANG_ENABLE_MODULES = YES;
				CLANG_ENABLE_OBJC_ARC = YES;
				CLANG_WARN_BOOL_CONVERSION = YES;
				CLANG_WARN_CONSTANT_CONVERSION = YES;
				CLANG_WARN_DIRECT_OBJC_ISA_USAGE = YES_ERROR;
				CLANG_WARN_EMPTY_BODY = YES;
				CLANG_WARN_ENUM_CONVERSION = YES;
				CLANG_WARN_INT_CONVERSION = YES;
				CLANG_WARN_OBJC_ROOT_CLASS = YES_ERROR;
				CLANG_WARN__DUPLICATE_METHOD_MATCH = YES;
				"CODE_SIGN_IDENTITY[sdk=iphoneos*]" = "iPhone Developer";
				COPY_PHASE_STRIP = YES;
				ENABLE_NS_ASSERTIONS = NO;
				GCC_C_LANGUAGE_STANDARD = gnu99;
				GCC_WARN_64_TO_32_BIT_CONVERSION = YES;
				GCC_WARN_ABOUT_RETURN_TYPE = YES_ERROR;
				GCC_WARN_UNDECLARED_SELECTOR = YES;
				GCC_WARN_UNINITIALIZED_AUTOS = YES;
				GCC_WARN_UNUSED_FUNCTION = YES;
				GCC_WARN_UNUSED_VARIABLE = YES;
				IPHONEOS_DEPLOYMENT_TARGET = 7.0;
				SDKROOT = iphoneos;
				TARGETED_DEVICE_FAMILY = "1,2";
				VALIDATE_PRODUCT = YES;
			};
			name = Release;
		};
		FAE930BB182AD00F00286DDD /* Debug */ = {
			isa = XCBuildConfiguration;
			baseConfigurationReference = 7C24CBA108364A96A89DF171 /* Pods.xcconfig */;
			buildSettings = {
				ASSETCATALOG_COMPILER_APPICON_NAME = AppIcon;
				ASSETCATALOG_COMPILER_LAUNCHIMAGE_NAME = LaunchImage;
				GCC_PRECOMPILE_PREFIX_HEADER = YES;
				GCC_PREFIX_HEADER = "SocketIOBlocks/SocketIOBlocks-Prefix.pch";
				INFOPLIST_FILE = "SocketIOBlocks/SocketIOBlocks-Info.plist";
				PRODUCT_NAME = "$(TARGET_NAME)";
				WRAPPER_EXTENSION = app;
			};
			name = Debug;
		};
		FAE930BC182AD00F00286DDD /* Release */ = {
			isa = XCBuildConfiguration;
			baseConfigurationReference = 7C24CBA108364A96A89DF171 /* Pods.xcconfig */;
			buildSettings = {
				ASSETCATALOG_COMPILER_APPICON_NAME = AppIcon;
				ASSETCATALOG_COMPILER_LAUNCHIMAGE_NAME = LaunchImage;
				GCC_PRECOMPILE_PREFIX_HEADER = YES;
				GCC_PREFIX_HEADER = "SocketIOBlocks/SocketIOBlocks-Prefix.pch";
				INFOPLIST_FILE = "SocketIOBlocks/SocketIOBlocks-Info.plist";
				PRODUCT_NAME = "$(TARGET_NAME)";
				WRAPPER_EXTENSION = app;
			};
			name = Release;
		};
		FAE930BE182AD00F00286DDD /* Debug */ = {
			isa = XCBuildConfiguration;
			baseConfigurationReference = 305535A7E0A74EF7BD830721 /* Pods-SocketIOBlocksTests.xcconfig */;
			buildSettings = {
				ARCHS = "$(ARCHS_STANDARD_INCLUDING_64_BIT)";
				BUNDLE_LOADER = "$(BUILT_PRODUCTS_DIR)/SocketIOBlocks.app/SocketIOBlocks";
				FRAMEWORK_SEARCH_PATHS = (
					"$(SDKROOT)/Developer/Library/Frameworks",
					"$(inherited)",
					"$(DEVELOPER_FRAMEWORKS_DIR)",
				);
				GCC_PRECOMPILE_PREFIX_HEADER = YES;
				GCC_PREFIX_HEADER = "SocketIOBlocks/SocketIOBlocks-Prefix.pch";
				GCC_PREPROCESSOR_DEFINITIONS = (
					"DEBUG=1",
					"$(inherited)",
				);
				INFOPLIST_FILE = "SocketIOBlocksTests/SocketIOBlocksTests-Info.plist";
				PRODUCT_NAME = "$(TARGET_NAME)";
				TEST_HOST = "$(BUNDLE_LOADER)";
				WRAPPER_EXTENSION = xctest;
			};
			name = Debug;
		};
		FAE930BF182AD00F00286DDD /* Release */ = {
			isa = XCBuildConfiguration;
			baseConfigurationReference = 305535A7E0A74EF7BD830721 /* Pods-SocketIOBlocksTests.xcconfig */;
			buildSettings = {
				ARCHS = "$(ARCHS_STANDARD_INCLUDING_64_BIT)";
				BUNDLE_LOADER = "$(BUILT_PRODUCTS_DIR)/SocketIOBlocks.app/SocketIOBlocks";
				FRAMEWORK_SEARCH_PATHS = (
					"$(SDKROOT)/Developer/Library/Frameworks",
					"$(inherited)",
					"$(DEVELOPER_FRAMEWORKS_DIR)",
				);
				GCC_PRECOMPILE_PREFIX_HEADER = YES;
				GCC_PREFIX_HEADER = "SocketIOBlocks/SocketIOBlocks-Prefix.pch";
				INFOPLIST_FILE = "SocketIOBlocksTests/SocketIOBlocksTests-Info.plist";
				PRODUCT_NAME = "$(TARGET_NAME)";
				TEST_HOST = "$(BUNDLE_LOADER)";
				WRAPPER_EXTENSION = xctest;
			};
			name = Release;
		};
/* End XCBuildConfiguration section */

/* Begin XCConfigurationList section */
		FAE93080182AD00F00286DDD /* Build configuration list for PBXProject "SocketIOBlocks" */ = {
			isa = XCConfigurationList;
			buildConfigurations = (
				FAE930B8182AD00F00286DDD /* Debug */,
				FAE930B9182AD00F00286DDD /* Release */,
			);
			defaultConfigurationIsVisible = 0;
			defaultConfigurationName = Release;
		};
		FAE930BA182AD00F00286DDD /* Build configuration list for PBXNativeTarget "SocketIOBlocks" */ = {
			isa = XCConfigurationList;
			buildConfigurations = (
				FAE930BB182AD00F00286DDD /* Debug */,
				FAE930BC182AD00F00286DDD /* Release */,
			);
			defaultConfigurationIsVisible = 0;
			defaultConfigurationName = Release;
		};
		FAE930BD182AD00F00286DDD /* Build configuration list for PBXNativeTarget "SocketIOBlocksTests" */ = {
			isa = XCConfigurationList;
			buildConfigurations = (
				FAE930BE182AD00F00286DDD /* Debug */,
				FAE930BF182AD00F00286DDD /* Release */,
			);
			defaultConfigurationIsVisible = 0;
			defaultConfigurationName = Release;
		};
/* End XCConfigurationList section */
	};
	rootObject = FAE9307D182AD00F00286DDD /* Project object */;
}
